
Microsoft Visual Studio Solution File, Format Version 12.00
# Visual Studio Version 17
VisualStudioVersion = 17.1.32328.378
MinimumVisualStudioVersion = 10.0.40219.1
Project("{FAE04EC0-301F-11D3-BF4B-00C04F79EFBC}") = "Chinese_Chess_MahJon_32_Tile", "Chinese_Chess_MahJon_32_Tile\Chinese_Chess_MahJon_32_Tile.csproj", "{85AB1ED3-A876-485D-B4AA-41EF58725784}"
EndProject
Global
	GlobalSection(SolutionConfigurationPlatforms) = preSolution
		Debug|Any CPU = Debug|Any CPU
		Release|Any CPU = Release|Any CPU
	EndGlobalSection
	GlobalSection(ProjectConfigurationPlatforms) = postSolution
		{85AB1ED3-A876-485D-B4AA-41EF58725784}.Debug|Any CPU.ActiveCfg = Debug|Any CPU
		{85AB1ED3-A876-485D-B4AA-41EF58725784}.Debug|Any CPU.Build.0 = Debug|Any CPU
		{85AB1ED3-A876-485D-B4AA-41EF58725784}.Release|Any CPU.ActiveCfg = Release|Any CPU
		{85AB1ED3-A876-485D-B4AA-41EF58725784}.Release|Any CPU.Build.0 = Release|Any CPU
	EndGlobalSection
	GlobalSection(SolutionProperties) = preSolution
		HideSolutionNode = FALSE
	EndGlobalSection
	GlobalSection(ExtensibilityGlobals) = postSolution
		SolutionGuid = {E5EDF5FF-C7CC-4EC0-83EE-E41F29D0C73A}
	EndGlobalSection
EndGlobal
